// !$*UTF8*$!
{
	archiveVersion = 1;
	classes = {
	};
	objectVersion = 56;
	objects = {

/* Begin PBXBuildFile section */
		6407D0E6297AD5BC00BC5A3C /* CustomError.swift in Sources */ = {isa = PBXBuildFile; fileRef = 6407D0E5297AD5BC00BC5A3C /* CustomError.swift */; };
		6407D0E8297AD5CD00BC5A3C /* LocalError.swift in Sources */ = {isa = PBXBuildFile; fileRef = 6407D0E7297AD5CD00BC5A3C /* LocalError.swift */; };
		6407D0EA297AD5DE00BC5A3C /* CodableError.swift in Sources */ = {isa = PBXBuildFile; fileRef = 6407D0E9297AD5DE00BC5A3C /* CodableError.swift */; };
		6407D0EC297C1A4F00BC5A3C /* DataPusherType.swift in Sources */ = {isa = PBXBuildFile; fileRef = 6407D0EB297C1A4F00BC5A3C /* DataPusherType.swift */; };
		642B365329494BE800A0CBC9 /* DataFetcherType.swift in Sources */ = {isa = PBXBuildFile; fileRef = 642B365229494BE800A0CBC9 /* DataFetcherType.swift */; };
		642B365529494C1300A0CBC9 /* DataFetcherServiceType.swift in Sources */ = {isa = PBXBuildFile; fileRef = 642B365429494C1300A0CBC9 /* DataFetcherServiceType.swift */; };
		642B365729495D1000A0CBC9 /* SearchCityWeatherModel.swift in Sources */ = {isa = PBXBuildFile; fileRef = 642B365629495D1000A0CBC9 /* SearchCityWeatherModel.swift */; };
		642B365A294AA2A200A0CBC9 /* RequestStatuses.swift in Sources */ = {isa = PBXBuildFile; fileRef = 642B3659294AA2A200A0CBC9 /* RequestStatuses.swift */; };
		642B365C294AA57A00A0CBC9 /* WeatherHeaderViewModel.swift in Sources */ = {isa = PBXBuildFile; fileRef = 642B365B294AA57A00A0CBC9 /* WeatherHeaderViewModel.swift */; };
		642B3662294AB6FF00A0CBC9 /* HourlyForecastRowViewModel.swift in Sources */ = {isa = PBXBuildFile; fileRef = 642B3661294AB6FF00A0CBC9 /* HourlyForecastRowViewModel.swift */; };
		642B3666294AB8EA00A0CBC9 /* DailyForecastWeatherViewModel.swift in Sources */ = {isa = PBXBuildFile; fileRef = 642B3665294AB8EA00A0CBC9 /* DailyForecastWeatherViewModel.swift */; };
		6434F572294FC1FD00906086 /* Date + extensions.swift in Sources */ = {isa = PBXBuildFile; fileRef = 6434F571294FC1FD00906086 /* Date + extensions.swift */; };
		6434F574294FCF8300906086 /* WeatherBackroundView.swift in Sources */ = {isa = PBXBuildFile; fileRef = 6434F573294FCF8200906086 /* WeatherBackroundView.swift */; };
		6434F576294FD8A800906086 /* ColorTheme.swift in Sources */ = {isa = PBXBuildFile; fileRef = 6434F575294FD8A800906086 /* ColorTheme.swift */; };
		643AAB11296B06B10085FDC1 /* DataPusherServiceType.swift in Sources */ = {isa = PBXBuildFile; fileRef = 643AAB10296B06B10085FDC1 /* DataPusherServiceType.swift */; };
		6446B6BC294D2B9E005F8F48 /* HourlyForecastWeatherListViewModel.swift in Sources */ = {isa = PBXBuildFile; fileRef = 6446B6BB294D2B9E005F8F48 /* HourlyForecastWeatherListViewModel.swift */; };
		6446B6BF294EBC74005F8F48 /* String + extensions.swift in Sources */ = {isa = PBXBuildFile; fileRef = 6446B6BE294EBC74005F8F48 /* String + extensions.swift */; };
		6446B6C1294EBC94005F8F48 /* AFError + extensions.swift in Sources */ = {isa = PBXBuildFile; fileRef = 6446B6C0294EBC94005F8F48 /* AFError + extensions.swift */; };
		6446B6C3294EBCC7005F8F48 /* Double + extensions.swift in Sources */ = {isa = PBXBuildFile; fileRef = 6446B6C2294EBCC7005F8F48 /* Double + extensions.swift */; };
		6458AB1E2944DAF500FCE6C3 /* GeometryGetter.swift in Sources */ = {isa = PBXBuildFile; fileRef = 6458AB1D2944DAF500FCE6C3 /* GeometryGetter.swift */; };
		647735482947CC9D00B9CE14 /* WeatherListViewModel.swift in Sources */ = {isa = PBXBuildFile; fileRef = 647735472947CC9D00B9CE14 /* WeatherListViewModel.swift */; };
		6477354A2947CD0C00B9CE14 /* WeatherViewModel.swift in Sources */ = {isa = PBXBuildFile; fileRef = 647735492947CD0C00B9CE14 /* WeatherViewModel.swift */; };
		6477354E2947D0C500B9CE14 /* WeatherListModel.swift in Sources */ = {isa = PBXBuildFile; fileRef = 6477354D2947D0C500B9CE14 /* WeatherListModel.swift */; };
		647735502948026E00B9CE14 /* WeatherModel.swift in Sources */ = {isa = PBXBuildFile; fileRef = 6477354F2948026E00B9CE14 /* WeatherModel.swift */; };
		6477355429480F3300B9CE14 /* AlamofireNetworkService.swift in Sources */ = {isa = PBXBuildFile; fileRef = 6477355329480F3300B9CE14 /* AlamofireNetworkService.swift */; };
		6477355629480F5A00B9CE14 /* DataFetcher.swift in Sources */ = {isa = PBXBuildFile; fileRef = 6477355529480F5A00B9CE14 /* DataFetcher.swift */; };
		6477355829480F7400B9CE14 /* NetworkDataService.swift in Sources */ = {isa = PBXBuildFile; fileRef = 6477355729480F7400B9CE14 /* NetworkDataService.swift */; };
		6477355C2948305400B9CE14 /* NetworkError.swift in Sources */ = {isa = PBXBuildFile; fileRef = 6477355B2948305400B9CE14 /* NetworkError.swift */; };
		64806CFB294F218200D85FFB /* DescriptionItemViewModel.swift in Sources */ = {isa = PBXBuildFile; fileRef = 64806CFA294F218200D85FFB /* DescriptionItemViewModel.swift */; };
		64806CFE294F22DB00D85FFB /* DescriptionItemCollectionViewModel.swift in Sources */ = {isa = PBXBuildFile; fileRef = 64806CFD294F22DB00D85FFB /* DescriptionItemCollectionViewModel.swift */; };
		64806D00294F280000D85FFB /* Int + extensions.swift in Sources */ = {isa = PBXBuildFile; fileRef = 64806CFF294F280000D85FFB /* Int + extensions.swift */; };
		64CF8A572962E6FC00FA6F11 /* UserDefaultsService.swift in Sources */ = {isa = PBXBuildFile; fileRef = 64CF8A562962E6FC00FA6F11 /* UserDefaultsService.swift */; };
		64CF8A592962EB4500FA6F11 /* LocalDataService.swift in Sources */ = {isa = PBXBuildFile; fileRef = 64CF8A582962EB4500FA6F11 /* LocalDataService.swift */; };
		64CF8A5B2963861400FA6F11 /* DataPusher.swift in Sources */ = {isa = PBXBuildFile; fileRef = 64CF8A5A2963861400FA6F11 /* DataPusher.swift */; };
		64E21CCF2941493B00D009C5 /* WeatherApp.swift in Sources */ = {isa = PBXBuildFile; fileRef = 64E21CCE2941493B00D009C5 /* WeatherApp.swift */; };
		64E21CD12941493B00D009C5 /* WeatherListView.swift in Sources */ = {isa = PBXBuildFile; fileRef = 64E21CD02941493B00D009C5 /* WeatherListView.swift */; };
		64E21CD32941493C00D009C5 /* Assets.xcassets in Resources */ = {isa = PBXBuildFile; fileRef = 64E21CD22941493C00D009C5 /* Assets.xcassets */; };
		64E21CD62941493C00D009C5 /* Preview Assets.xcassets in Resources */ = {isa = PBXBuildFile; fileRef = 64E21CD52941493C00D009C5 /* Preview Assets.xcassets */; };
		64E21CDF294163BE00D009C5 /* WeatherCityRowView.swift in Sources */ = {isa = PBXBuildFile; fileRef = 64E21CDE294163BE00D009C5 /* WeatherCityRowView.swift */; };
		64E21CE2294165C900D009C5 /* DetailWeatherContentView.swift in Sources */ = {isa = PBXBuildFile; fileRef = 64E21CE1294165C900D009C5 /* DetailWeatherContentView.swift */; };
		64E21CE4294268C700D009C5 /* DetailWeatherHeaderView.swift in Sources */ = {isa = PBXBuildFile; fileRef = 64E21CE3294268C700D009C5 /* DetailWeatherHeaderView.swift */; };
		64E21CE6294268DE00D009C5 /* HourlyForecastWeatherRowView.swift in Sources */ = {isa = PBXBuildFile; fileRef = 64E21CE5294268DE00D009C5 /* HourlyForecastWeatherRowView.swift */; };
		64E21CE8294268F500D009C5 /* HourlyForecastWeatherListView.swift in Sources */ = {isa = PBXBuildFile; fileRef = 64E21CE7294268F500D009C5 /* HourlyForecastWeatherListView.swift */; };
		64E21CEA2942690600D009C5 /* DailyForecastWeatherRowView.swift in Sources */ = {isa = PBXBuildFile; fileRef = 64E21CE92942690600D009C5 /* DailyForecastWeatherRowView.swift */; };
		64E21CEC2942691700D009C5 /* DailyForecastWeatherListView.swift in Sources */ = {isa = PBXBuildFile; fileRef = 64E21CEB2942691700D009C5 /* DailyForecastWeatherListView.swift */; };
		64E21CEE2942693700D009C5 /* DescriptionDetailWeatherItemView.swift in Sources */ = {isa = PBXBuildFile; fileRef = 64E21CED2942693700D009C5 /* DescriptionDetailWeatherItemView.swift */; };
		64E21CF32942CD0D00D009C5 /* DetailWeatherView.swift in Sources */ = {isa = PBXBuildFile; fileRef = 64E21CF22942CD0D00D009C5 /* DetailWeatherView.swift */; };
		64E3C9E12944182C005688B9 /* CustomWeatherStackView.swift in Sources */ = {isa = PBXBuildFile; fileRef = 64E3C9E02944182C005688B9 /* CustomWeatherStackView.swift */; };
		64F119A22946A62E00F277FB /* DescriptionDetailWeatherCollectionView.swift in Sources */ = {isa = PBXBuildFile; fileRef = 64F119A12946A62E00F277FB /* DescriptionDetailWeatherCollectionView.swift */; };
		8DE8AE0B4DED48A67EA1B5A6 /* Pods_Weather.framework in Frameworks */ = {isa = PBXBuildFile; fileRef = 4AB3943662EA377E6D2337F0 /* Pods_Weather.framework */; };
/* End PBXBuildFile section */

/* Begin PBXFileReference section */
		02049FAB6EE169A2E780A95C /* Pods-Weather.debug.xcconfig */ = {isa = PBXFileReference; includeInIndex = 1; lastKnownFileType = text.xcconfig; name = "Pods-Weather.debug.xcconfig"; path = "Target Support Files/Pods-Weather/Pods-Weather.debug.xcconfig"; sourceTree = "<group>"; };
		4AB3943662EA377E6D2337F0 /* Pods_Weather.framework */ = {isa = PBXFileReference; explicitFileType = wrapper.framework; includeInIndex = 0; path = Pods_Weather.framework; sourceTree = BUILT_PRODUCTS_DIR; };
		6407D0E5297AD5BC00BC5A3C /* CustomError.swift */ = {isa = PBXFileReference; lastKnownFileType = sourcecode.swift; path = CustomError.swift; sourceTree = "<group>"; };
		6407D0E7297AD5CD00BC5A3C /* LocalError.swift */ = {isa = PBXFileReference; lastKnownFileType = sourcecode.swift; path = LocalError.swift; sourceTree = "<group>"; };
		6407D0E9297AD5DE00BC5A3C /* CodableError.swift */ = {isa = PBXFileReference; lastKnownFileType = sourcecode.swift; path = CodableError.swift; sourceTree = "<group>"; };
		6407D0EB297C1A4F00BC5A3C /* DataPusherType.swift */ = {isa = PBXFileReference; lastKnownFileType = sourcecode.swift; path = DataPusherType.swift; sourceTree = "<group>"; };
		642B365229494BE800A0CBC9 /* DataFetcherType.swift */ = {isa = PBXFileReference; lastKnownFileType = sourcecode.swift; path = DataFetcherType.swift; sourceTree = "<group>"; };
		642B365429494C1300A0CBC9 /* DataFetcherServiceType.swift */ = {isa = PBXFileReference; lastKnownFileType = sourcecode.swift; path = DataFetcherServiceType.swift; sourceTree = "<group>"; };
		642B365629495D1000A0CBC9 /* SearchCityWeatherModel.swift */ = {isa = PBXFileReference; lastKnownFileType = sourcecode.swift; path = SearchCityWeatherModel.swift; sourceTree = "<group>"; };
		642B3659294AA2A200A0CBC9 /* RequestStatuses.swift */ = {isa = PBXFileReference; lastKnownFileType = sourcecode.swift; path = RequestStatuses.swift; sourceTree = "<group>"; };
		642B365B294AA57A00A0CBC9 /* WeatherHeaderViewModel.swift */ = {isa = PBXFileReference; lastKnownFileType = sourcecode.swift; path = WeatherHeaderViewModel.swift; sourceTree = "<group>"; };
		642B3661294AB6FF00A0CBC9 /* HourlyForecastRowViewModel.swift */ = {isa = PBXFileReference; lastKnownFileType = sourcecode.swift; path = HourlyForecastRowViewModel.swift; sourceTree = "<group>"; };
		642B3665294AB8EA00A0CBC9 /* DailyForecastWeatherViewModel.swift */ = {isa = PBXFileReference; lastKnownFileType = sourcecode.swift; path = DailyForecastWeatherViewModel.swift; sourceTree = "<group>"; };
		6434F571294FC1FD00906086 /* Date + extensions.swift */ = {isa = PBXFileReference; lastKnownFileType = sourcecode.swift; path = "Date + extensions.swift"; sourceTree = "<group>"; };
		6434F573294FCF8200906086 /* WeatherBackroundView.swift */ = {isa = PBXFileReference; lastKnownFileType = sourcecode.swift; path = WeatherBackroundView.swift; sourceTree = "<group>"; };
		6434F575294FD8A800906086 /* ColorTheme.swift */ = {isa = PBXFileReference; lastKnownFileType = sourcecode.swift; path = ColorTheme.swift; sourceTree = "<group>"; };
		643AAB10296B06B10085FDC1 /* DataPusherServiceType.swift */ = {isa = PBXFileReference; lastKnownFileType = sourcecode.swift; path = DataPusherServiceType.swift; sourceTree = "<group>"; };
		6446B6BB294D2B9E005F8F48 /* HourlyForecastWeatherListViewModel.swift */ = {isa = PBXFileReference; lastKnownFileType = sourcecode.swift; path = HourlyForecastWeatherListViewModel.swift; sourceTree = "<group>"; };
		6446B6BE294EBC74005F8F48 /* String + extensions.swift */ = {isa = PBXFileReference; lastKnownFileType = sourcecode.swift; path = "String + extensions.swift"; sourceTree = "<group>"; };
		6446B6C0294EBC94005F8F48 /* AFError + extensions.swift */ = {isa = PBXFileReference; lastKnownFileType = sourcecode.swift; path = "AFError + extensions.swift"; sourceTree = "<group>"; };
		6446B6C2294EBCC7005F8F48 /* Double + extensions.swift */ = {isa = PBXFileReference; lastKnownFileType = sourcecode.swift; path = "Double + extensions.swift"; sourceTree = "<group>"; };
		6458AB1D2944DAF500FCE6C3 /* GeometryGetter.swift */ = {isa = PBXFileReference; lastKnownFileType = sourcecode.swift; path = GeometryGetter.swift; sourceTree = "<group>"; };
		647735472947CC9D00B9CE14 /* WeatherListViewModel.swift */ = {isa = PBXFileReference; lastKnownFileType = sourcecode.swift; path = WeatherListViewModel.swift; sourceTree = "<group>"; };
		647735492947CD0C00B9CE14 /* WeatherViewModel.swift */ = {isa = PBXFileReference; lastKnownFileType = sourcecode.swift; path = WeatherViewModel.swift; sourceTree = "<group>"; };
		6477354D2947D0C500B9CE14 /* WeatherListModel.swift */ = {isa = PBXFileReference; lastKnownFileType = sourcecode.swift; path = WeatherListModel.swift; sourceTree = "<group>"; };
		6477354F2948026E00B9CE14 /* WeatherModel.swift */ = {isa = PBXFileReference; lastKnownFileType = sourcecode.swift; path = WeatherModel.swift; sourceTree = "<group>"; };
		6477355329480F3300B9CE14 /* AlamofireNetworkService.swift */ = {isa = PBXFileReference; lastKnownFileType = sourcecode.swift; path = AlamofireNetworkService.swift; sourceTree = "<group>"; };
		6477355529480F5A00B9CE14 /* DataFetcher.swift */ = {isa = PBXFileReference; lastKnownFileType = sourcecode.swift; path = DataFetcher.swift; sourceTree = "<group>"; };
		6477355729480F7400B9CE14 /* NetworkDataService.swift */ = {isa = PBXFileReference; lastKnownFileType = sourcecode.swift; path = NetworkDataService.swift; sourceTree = "<group>"; };
		6477355B2948305400B9CE14 /* NetworkError.swift */ = {isa = PBXFileReference; lastKnownFileType = sourcecode.swift; path = NetworkError.swift; sourceTree = "<group>"; };
		64806CFA294F218200D85FFB /* DescriptionItemViewModel.swift */ = {isa = PBXFileReference; lastKnownFileType = sourcecode.swift; path = DescriptionItemViewModel.swift; sourceTree = "<group>"; };
		64806CFD294F22DB00D85FFB /* DescriptionItemCollectionViewModel.swift */ = {isa = PBXFileReference; lastKnownFileType = sourcecode.swift; path = DescriptionItemCollectionViewModel.swift; sourceTree = "<group>"; };
		64806CFF294F280000D85FFB /* Int + extensions.swift */ = {isa = PBXFileReference; lastKnownFileType = sourcecode.swift; path = "Int + extensions.swift"; sourceTree = "<group>"; };
		64CF8A562962E6FC00FA6F11 /* UserDefaultsService.swift */ = {isa = PBXFileReference; lastKnownFileType = sourcecode.swift; path = UserDefaultsService.swift; sourceTree = "<group>"; };
		64CF8A582962EB4500FA6F11 /* LocalDataService.swift */ = {isa = PBXFileReference; lastKnownFileType = sourcecode.swift; path = LocalDataService.swift; sourceTree = "<group>"; };
		64CF8A5A2963861400FA6F11 /* DataPusher.swift */ = {isa = PBXFileReference; lastKnownFileType = sourcecode.swift; path = DataPusher.swift; sourceTree = "<group>"; };
		64E21CCB2941493B00D009C5 /* Weather.app */ = {isa = PBXFileReference; explicitFileType = wrapper.application; includeInIndex = 0; path = Weather.app; sourceTree = BUILT_PRODUCTS_DIR; };
		64E21CCE2941493B00D009C5 /* WeatherApp.swift */ = {isa = PBXFileReference; lastKnownFileType = sourcecode.swift; path = WeatherApp.swift; sourceTree = "<group>"; };
		64E21CD02941493B00D009C5 /* WeatherListView.swift */ = {isa = PBXFileReference; lastKnownFileType = sourcecode.swift; path = WeatherListView.swift; sourceTree = "<group>"; };
		64E21CD22941493C00D009C5 /* Assets.xcassets */ = {isa = PBXFileReference; lastKnownFileType = folder.assetcatalog; path = Assets.xcassets; sourceTree = "<group>"; };
		64E21CD52941493C00D009C5 /* Preview Assets.xcassets */ = {isa = PBXFileReference; lastKnownFileType = folder.assetcatalog; path = "Preview Assets.xcassets"; sourceTree = "<group>"; };
		64E21CDE294163BE00D009C5 /* WeatherCityRowView.swift */ = {isa = PBXFileReference; lastKnownFileType = sourcecode.swift; path = WeatherCityRowView.swift; sourceTree = "<group>"; };
		64E21CE1294165C900D009C5 /* DetailWeatherContentView.swift */ = {isa = PBXFileReference; lastKnownFileType = sourcecode.swift; path = DetailWeatherContentView.swift; sourceTree = "<group>"; };
		64E21CE3294268C700D009C5 /* DetailWeatherHeaderView.swift */ = {isa = PBXFileReference; lastKnownFileType = sourcecode.swift; path = DetailWeatherHeaderView.swift; sourceTree = "<group>"; };
		64E21CE5294268DE00D009C5 /* HourlyForecastWeatherRowView.swift */ = {isa = PBXFileReference; lastKnownFileType = sourcecode.swift; path = HourlyForecastWeatherRowView.swift; sourceTree = "<group>"; };
		64E21CE7294268F500D009C5 /* HourlyForecastWeatherListView.swift */ = {isa = PBXFileReference; lastKnownFileType = sourcecode.swift; path = HourlyForecastWeatherListView.swift; sourceTree = "<group>"; };
		64E21CE92942690600D009C5 /* DailyForecastWeatherRowView.swift */ = {isa = PBXFileReference; lastKnownFileType = sourcecode.swift; path = DailyForecastWeatherRowView.swift; sourceTree = "<group>"; };
		64E21CEB2942691700D009C5 /* DailyForecastWeatherListView.swift */ = {isa = PBXFileReference; lastKnownFileType = sourcecode.swift; path = DailyForecastWeatherListView.swift; sourceTree = "<group>"; };
		64E21CED2942693700D009C5 /* DescriptionDetailWeatherItemView.swift */ = {isa = PBXFileReference; lastKnownFileType = sourcecode.swift; path = DescriptionDetailWeatherItemView.swift; sourceTree = "<group>"; };
		64E21CF22942CD0D00D009C5 /* DetailWeatherView.swift */ = {isa = PBXFileReference; lastKnownFileType = sourcecode.swift; path = DetailWeatherView.swift; sourceTree = "<group>"; };
		64E3C9E02944182C005688B9 /* CustomWeatherStackView.swift */ = {isa = PBXFileReference; lastKnownFileType = sourcecode.swift; path = CustomWeatherStackView.swift; sourceTree = "<group>"; };
		64F119A12946A62E00F277FB /* DescriptionDetailWeatherCollectionView.swift */ = {isa = PBXFileReference; lastKnownFileType = sourcecode.swift; path = DescriptionDetailWeatherCollectionView.swift; sourceTree = "<group>"; };
		DEA6C5548A3BFB2C242D6F23 /* Pods-Weather.release.xcconfig */ = {isa = PBXFileReference; includeInIndex = 1; lastKnownFileType = text.xcconfig; name = "Pods-Weather.release.xcconfig"; path = "Target Support Files/Pods-Weather/Pods-Weather.release.xcconfig"; sourceTree = "<group>"; };
/* End PBXFileReference section */

/* Begin PBXFrameworksBuildPhase section */
		64E21CC82941493B00D009C5 /* Frameworks */ = {
			isa = PBXFrameworksBuildPhase;
			buildActionMask = 2147483647;
			files = (
				8DE8AE0B4DED48A67EA1B5A6 /* Pods_Weather.framework in Frameworks */,
			);
			runOnlyForDeploymentPostprocessing = 0;
		};
/* End PBXFrameworksBuildPhase section */

/* Begin PBXGroup section */
		0303CC248BE0A5231FCB33D5 /* Frameworks */ = {
			isa = PBXGroup;
			children = (
				4AB3943662EA377E6D2337F0 /* Pods_Weather.framework */,
			);
			name = Frameworks;
			sourceTree = "<group>";
		};
		3C03C382C7E62C037A4F01FB /* Pods */ = {
			isa = PBXGroup;
			children = (
				02049FAB6EE169A2E780A95C /* Pods-Weather.debug.xcconfig */,
				DEA6C5548A3BFB2C242D6F23 /* Pods-Weather.release.xcconfig */,
			);
			path = Pods;
			sourceTree = "<group>";
		};
		642B364D2949362E00A0CBC9 /* Errors */ = {
			isa = PBXGroup;
			children = (
				6407D0E5297AD5BC00BC5A3C /* CustomError.swift */,
				6407D0E9297AD5DE00BC5A3C /* CodableError.swift */,
				6477355B2948305400B9CE14 /* NetworkError.swift */,
				6407D0E7297AD5CD00BC5A3C /* LocalError.swift */,
			);
			path = Errors;
			sourceTree = "<group>";
		};
		642B365129494BD100A0CBC9 /* Protocols */ = {
			isa = PBXGroup;
			children = (
				642B365229494BE800A0CBC9 /* DataFetcherType.swift */,
				6407D0EB297C1A4F00BC5A3C /* DataPusherType.swift */,
				642B365429494C1300A0CBC9 /* DataFetcherServiceType.swift */,
				643AAB10296B06B10085FDC1 /* DataPusherServiceType.swift */,
			);
			path = Protocols;
			sourceTree = "<group>";
		};
		642B3658294AA28C00A0CBC9 /* Helpers */ = {
			isa = PBXGroup;
			children = (
				642B3659294AA2A200A0CBC9 /* RequestStatuses.swift */,
				642B364D2949362E00A0CBC9 /* Errors */,
			);
			path = Helpers;
			sourceTree = "<group>";
		};
		642B3660294AB6C600A0CBC9 /* DetailWeatherScreen */ = {
			isa = PBXGroup;
			children = (
				642B3665294AB8EA00A0CBC9 /* DailyForecastWeatherViewModel.swift */,
				642B365B294AA57A00A0CBC9 /* WeatherHeaderViewModel.swift */,
				6434F570294FA87200906086 /* HourlyForecast */,
				64806CF9294F212900D85FFB /* DescriptionDetail */,
			);
			path = DetailWeatherScreen;
			sourceTree = "<group>";
		};
		6434F570294FA87200906086 /* HourlyForecast */ = {
			isa = PBXGroup;
			children = (
				642B3661294AB6FF00A0CBC9 /* HourlyForecastRowViewModel.swift */,
				6446B6BB294D2B9E005F8F48 /* HourlyForecastWeatherListViewModel.swift */,
			);
			path = HourlyForecast;
			sourceTree = "<group>";
		};
		643AAB0B296B018C0085FDC1 /* Network */ = {
			isa = PBXGroup;
			children = (
				6477355329480F3300B9CE14 /* AlamofireNetworkService.swift */,
			);
			path = Network;
			sourceTree = "<group>";
		};
		643AAB0C296B01A90085FDC1 /* Local */ = {
			isa = PBXGroup;
			children = (
				64CF8A562962E6FC00FA6F11 /* UserDefaultsService.swift */,
			);
			path = Local;
			sourceTree = "<group>";
		};
		643AAB0D296B02F20085FDC1 /* DateCoders */ = {
			isa = PBXGroup;
			children = (
				6477355529480F5A00B9CE14 /* DataFetcher.swift */,
				64CF8A5A2963861400FA6F11 /* DataPusher.swift */,
			);
			path = DateCoders;
			sourceTree = "<group>";
		};
		6446B6BD294EBC58005F8F48 /* Extensions */ = {
			isa = PBXGroup;
			children = (
				6446B6BE294EBC74005F8F48 /* String + extensions.swift */,
				6446B6C0294EBC94005F8F48 /* AFError + extensions.swift */,
				6446B6C2294EBCC7005F8F48 /* Double + extensions.swift */,
				64806CFF294F280000D85FFB /* Int + extensions.swift */,
				6434F571294FC1FD00906086 /* Date + extensions.swift */,
			);
			path = Extensions;
			sourceTree = "<group>";
		};
		6458AB1F29469AC600FCE6C3 /* Helpers */ = {
			isa = PBXGroup;
			children = (
				6458AB1D2944DAF500FCE6C3 /* GeometryGetter.swift */,
				6434F575294FD8A800906086 /* ColorTheme.swift */,
			);
			path = Helpers;
			sourceTree = "<group>";
		};
		646F4CCB295026A60084507E /* Application */ = {
			isa = PBXGroup;
			children = (
				64E21CCE2941493B00D009C5 /* WeatherApp.swift */,
			);
			path = Application;
			sourceTree = "<group>";
		};
		647735452947CC4000B9CE14 /* Models */ = {
			isa = PBXGroup;
			children = (
				6477354D2947D0C500B9CE14 /* WeatherListModel.swift */,
				642B365629495D1000A0CBC9 /* SearchCityWeatherModel.swift */,
				6477354F2948026E00B9CE14 /* WeatherModel.swift */,
			);
			path = Models;
			sourceTree = "<group>";
		};
		647735462947CC4A00B9CE14 /* ViewModels */ = {
			isa = PBXGroup;
			children = (
				647735492947CD0C00B9CE14 /* WeatherViewModel.swift */,
				647735472947CC9D00B9CE14 /* WeatherListViewModel.swift */,
				642B3660294AB6C600A0CBC9 /* DetailWeatherScreen */,
			);
			path = ViewModels;
			sourceTree = "<group>";
		};
		6477355229480F0E00B9CE14 /* Services */ = {
			isa = PBXGroup;
			children = (
				6477355729480F7400B9CE14 /* NetworkDataService.swift */,
				64CF8A582962EB4500FA6F11 /* LocalDataService.swift */,
				643AAB0D296B02F20085FDC1 /* DateCoders */,
				643AAB0B296B018C0085FDC1 /* Network */,
				643AAB0C296B01A90085FDC1 /* Local */,
				642B3658294AA28C00A0CBC9 /* Helpers */,
				642B365129494BD100A0CBC9 /* Protocols */,
			);
			path = Services;
			sourceTree = "<group>";
		};
		64806CF9294F212900D85FFB /* DescriptionDetail */ = {
			isa = PBXGroup;
			children = (
				64806CFA294F218200D85FFB /* DescriptionItemViewModel.swift */,
				64806CFD294F22DB00D85FFB /* DescriptionItemCollectionViewModel.swift */,
			);
			path = DescriptionDetail;
			sourceTree = "<group>";
		};
		64E21CC22941493B00D009C5 = {
			isa = PBXGroup;
			children = (
				64E21CCD2941493B00D009C5 /* Weather */,
				64E21CCC2941493B00D009C5 /* Products */,
				3C03C382C7E62C037A4F01FB /* Pods */,
				0303CC248BE0A5231FCB33D5 /* Frameworks */,
			);
			sourceTree = "<group>";
		};
		64E21CCC2941493B00D009C5 /* Products */ = {
			isa = PBXGroup;
			children = (
				64E21CCB2941493B00D009C5 /* Weather.app */,
			);
			name = Products;
			sourceTree = "<group>";
		};
		64E21CCD2941493B00D009C5 /* Weather */ = {
			isa = PBXGroup;
			children = (
				6477355229480F0E00B9CE14 /* Services */,
				647735452947CC4000B9CE14 /* Models */,
				647735462947CC4A00B9CE14 /* ViewModels */,
				64E21CDC2941634300D009C5 /* Views */,
				6446B6BD294EBC58005F8F48 /* Extensions */,
				646F4CCB295026A60084507E /* Application */,
				64E21CD22941493C00D009C5 /* Assets.xcassets */,
				64E21CD42941493C00D009C5 /* Preview Content */,
			);
			path = Weather;
			sourceTree = "<group>";
		};
		64E21CD42941493C00D009C5 /* Preview Content */ = {
			isa = PBXGroup;
			children = (
				64E21CD52941493C00D009C5 /* Preview Assets.xcassets */,
			);
			path = "Preview Content";
			sourceTree = "<group>";
		};
		64E21CDC2941634300D009C5 /* Views */ = {
			isa = PBXGroup;
			children = (
				6458AB1F29469AC600FCE6C3 /* Helpers */,
				64E21CDD2941639400D009C5 /* WeatherListScreen */,
				64E21CE02941658100D009C5 /* DetailWeatherScreen */,
			);
			path = Views;
			sourceTree = "<group>";
		};
		64E21CDD2941639400D009C5 /* WeatherListScreen */ = {
			isa = PBXGroup;
			children = (
				64E21CD02941493B00D009C5 /* WeatherListView.swift */,
				64E21CDE294163BE00D009C5 /* WeatherCityRowView.swift */,
			);
			path = WeatherListScreen;
			sourceTree = "<group>";
		};
		64E21CE02941658100D009C5 /* DetailWeatherScreen */ = {
			isa = PBXGroup;
			children = (
				64F119A42946B66B00F277FB /* Screen */,
				64E21CF02942699100D009C5 /* HourlyForecast */,
				64E21CEF2942697B00D009C5 /*  DailyForecast */,
				64F119A32946A63D00F277FB /* DescriptionDetail */,
				64F119A52946B6C500F277FB /* Header */,
				64E3C9E02944182C005688B9 /* CustomWeatherStackView.swift */,
			);
			path = DetailWeatherScreen;
			sourceTree = "<group>";
		};
		64E21CEF2942697B00D009C5 /*  DailyForecast */ = {
			isa = PBXGroup;
			children = (
				64E21CE92942690600D009C5 /* DailyForecastWeatherRowView.swift */,
				64E21CEB2942691700D009C5 /* DailyForecastWeatherListView.swift */,
			);
			path = " DailyForecast";
			sourceTree = "<group>";
		};
		64E21CF02942699100D009C5 /* HourlyForecast */ = {
			isa = PBXGroup;
			children = (
				64E21CE5294268DE00D009C5 /* HourlyForecastWeatherRowView.swift */,
				64E21CE7294268F500D009C5 /* HourlyForecastWeatherListView.swift */,
			);
			path = HourlyForecast;
			sourceTree = "<group>";
		};
		64F119A32946A63D00F277FB /* DescriptionDetail */ = {
			isa = PBXGroup;
			children = (
				64F119A12946A62E00F277FB /* DescriptionDetailWeatherCollectionView.swift */,
				64E21CED2942693700D009C5 /* DescriptionDetailWeatherItemView.swift */,
			);
			path = DescriptionDetail;
			sourceTree = "<group>";
		};
		64F119A42946B66B00F277FB /* Screen */ = {
			isa = PBXGroup;
			children = (
				64E21CF22942CD0D00D009C5 /* DetailWeatherView.swift */,
				64E21CE1294165C900D009C5 /* DetailWeatherContentView.swift */,
				6434F573294FCF8200906086 /* WeatherBackroundView.swift */,
			);
			path = Screen;
			sourceTree = "<group>";
		};
		64F119A52946B6C500F277FB /* Header */ = {
			isa = PBXGroup;
			children = (
				64E21CE3294268C700D009C5 /* DetailWeatherHeaderView.swift */,
			);
			path = Header;
			sourceTree = "<group>";
		};
/* End PBXGroup section */

/* Begin PBXNativeTarget section */
		64E21CCA2941493B00D009C5 /* Weather */ = {
			isa = PBXNativeTarget;
			buildConfigurationList = 64E21CD92941493C00D009C5 /* Build configuration list for PBXNativeTarget "Weather" */;
			buildPhases = (
				7DCC3F1700FF6732FDAEF129 /* [CP] Check Pods Manifest.lock */,
				64E21CC72941493B00D009C5 /* Sources */,
				64E21CC82941493B00D009C5 /* Frameworks */,
				64E21CC92941493B00D009C5 /* Resources */,
				73B3AD8E6E1E41C9D22009CF /* [CP] Embed Pods Frameworks */,
			);
			buildRules = (
			);
			dependencies = (
			);
			name = Weather;
			productName = Weather;
			productReference = 64E21CCB2941493B00D009C5 /* Weather.app */;
			productType = "com.apple.product-type.application";
		};
/* End PBXNativeTarget section */

/* Begin PBXProject section */
		64E21CC32941493B00D009C5 /* Project object */ = {
			isa = PBXProject;
			attributes = {
				BuildIndependentTargetsInParallel = 1;
				LastSwiftUpdateCheck = 1410;
				LastUpgradeCheck = 1410;
				TargetAttributes = {
					64E21CCA2941493B00D009C5 = {
						CreatedOnToolsVersion = 14.1;
					};
				};
			};
			buildConfigurationList = 64E21CC62941493B00D009C5 /* Build configuration list for PBXProject "Weather" */;
			compatibilityVersion = "Xcode 14.0";
			developmentRegion = en;
			hasScannedForEncodings = 0;
			knownRegions = (
				en,
				Base,
			);
			mainGroup = 64E21CC22941493B00D009C5;
			productRefGroup = 64E21CCC2941493B00D009C5 /* Products */;
			projectDirPath = "";
			projectRoot = "";
			targets = (
				64E21CCA2941493B00D009C5 /* Weather */,
			);
		};
/* End PBXProject section */

/* Begin PBXResourcesBuildPhase section */
		64E21CC92941493B00D009C5 /* Resources */ = {
			isa = PBXResourcesBuildPhase;
			buildActionMask = 2147483647;
			files = (
				64E21CD62941493C00D009C5 /* Preview Assets.xcassets in Resources */,
				64E21CD32941493C00D009C5 /* Assets.xcassets in Resources */,
			);
			runOnlyForDeploymentPostprocessing = 0;
		};
/* End PBXResourcesBuildPhase section */

/* Begin PBXShellScriptBuildPhase section */
		73B3AD8E6E1E41C9D22009CF /* [CP] Embed Pods Frameworks */ = {
			isa = PBXShellScriptBuildPhase;
			buildActionMask = 2147483647;
			files = (
			);
			inputFileListPaths = (
				"${PODS_ROOT}/Target Support Files/Pods-Weather/Pods-Weather-frameworks-${CONFIGURATION}-input-files.xcfilelist",
			);
			name = "[CP] Embed Pods Frameworks";
			outputFileListPaths = (
				"${PODS_ROOT}/Target Support Files/Pods-Weather/Pods-Weather-frameworks-${CONFIGURATION}-output-files.xcfilelist",
			);
			runOnlyForDeploymentPostprocessing = 0;
			shellPath = /bin/sh;
			shellScript = "\"${PODS_ROOT}/Target Support Files/Pods-Weather/Pods-Weather-frameworks.sh\"\n";
			showEnvVarsInLog = 0;
		};
		7DCC3F1700FF6732FDAEF129 /* [CP] Check Pods Manifest.lock */ = {
			isa = PBXShellScriptBuildPhase;
			buildActionMask = 2147483647;
			files = (
			);
			inputFileListPaths = (
			);
			inputPaths = (
				"${PODS_PODFILE_DIR_PATH}/Podfile.lock",
				"${PODS_ROOT}/Manifest.lock",
			);
			name = "[CP] Check Pods Manifest.lock";
			outputFileListPaths = (
			);
			outputPaths = (
				"$(DERIVED_FILE_DIR)/Pods-Weather-checkManifestLockResult.txt",
			);
			runOnlyForDeploymentPostprocessing = 0;
			shellPath = /bin/sh;
			shellScript = "diff \"${PODS_PODFILE_DIR_PATH}/Podfile.lock\" \"${PODS_ROOT}/Manifest.lock\" > /dev/null\nif [ $? != 0 ] ; then\n    # print error to STDERR\n    echo \"error: The sandbox is not in sync with the Podfile.lock. Run 'pod install' or update your CocoaPods installation.\" >&2\n    exit 1\nfi\n# This output is used by Xcode 'outputs' to avoid re-running this script phase.\necho \"SUCCESS\" > \"${SCRIPT_OUTPUT_FILE_0}\"\n";
			showEnvVarsInLog = 0;
		};
/* End PBXShellScriptBuildPhase section */

/* Begin PBXSourcesBuildPhase section */
		64E21CC72941493B00D009C5 /* Sources */ = {
			isa = PBXSourcesBuildPhase;
			buildActionMask = 2147483647;
			files = (
				6477355629480F5A00B9CE14 /* DataFetcher.swift in Sources */,
				64E21CE2294165C900D009C5 /* DetailWeatherContentView.swift in Sources */,
				642B365729495D1000A0CBC9 /* SearchCityWeatherModel.swift in Sources */,
				642B365329494BE800A0CBC9 /* DataFetcherType.swift in Sources */,
				6477355C2948305400B9CE14 /* NetworkError.swift in Sources */,
				64E21CF32942CD0D00D009C5 /* DetailWeatherView.swift in Sources */,
				643AAB11296B06B10085FDC1 /* DataPusherServiceType.swift in Sources */,
				64E21CEC2942691700D009C5 /* DailyForecastWeatherListView.swift in Sources */,
				6407D0E8297AD5CD00BC5A3C /* LocalError.swift in Sources */,
				64E3C9E12944182C005688B9 /* CustomWeatherStackView.swift in Sources */,
				6446B6C3294EBCC7005F8F48 /* Double + extensions.swift in Sources */,
				6477355829480F7400B9CE14 /* NetworkDataService.swift in Sources */,
				6458AB1E2944DAF500FCE6C3 /* GeometryGetter.swift in Sources */,
				642B365C294AA57A00A0CBC9 /* WeatherHeaderViewModel.swift in Sources */,
				64CF8A572962E6FC00FA6F11 /* UserDefaultsService.swift in Sources */,
				6477354A2947CD0C00B9CE14 /* WeatherViewModel.swift in Sources */,
				64E21CE8294268F500D009C5 /* HourlyForecastWeatherListView.swift in Sources */,
				642B3666294AB8EA00A0CBC9 /* DailyForecastWeatherViewModel.swift in Sources */,
				64CF8A5B2963861400FA6F11 /* DataPusher.swift in Sources */,
				64E21CD12941493B00D009C5 /* WeatherListView.swift in Sources */,
				6446B6BF294EBC74005F8F48 /* String + extensions.swift in Sources */,
				64E21CEA2942690600D009C5 /* DailyForecastWeatherRowView.swift in Sources */,
				6434F576294FD8A800906086 /* ColorTheme.swift in Sources */,
				642B365529494C1300A0CBC9 /* DataFetcherServiceType.swift in Sources */,
				6477355429480F3300B9CE14 /* AlamofireNetworkService.swift in Sources */,
				64E21CCF2941493B00D009C5 /* WeatherApp.swift in Sources */,
				6446B6BC294D2B9E005F8F48 /* HourlyForecastWeatherListViewModel.swift in Sources */,
				647735502948026E00B9CE14 /* WeatherModel.swift in Sources */,
				642B365A294AA2A200A0CBC9 /* RequestStatuses.swift in Sources */,
				647735482947CC9D00B9CE14 /* WeatherListViewModel.swift in Sources */,
				6407D0E6297AD5BC00BC5A3C /* CustomError.swift in Sources */,
				6407D0EC297C1A4F00BC5A3C /* DataPusherType.swift in Sources */,
				64806CFE294F22DB00D85FFB /* DescriptionItemCollectionViewModel.swift in Sources */,
				642B3662294AB6FF00A0CBC9 /* HourlyForecastRowViewModel.swift in Sources */,
				6434F574294FCF8300906086 /* WeatherBackroundView.swift in Sources */,
				64E21CDF294163BE00D009C5 /* WeatherCityRowView.swift in Sources */,
				6407D0EA297AD5DE00BC5A3C /* CodableError.swift in Sources */,
				6434F572294FC1FD00906086 /* Date + extensions.swift in Sources */,
				6446B6C1294EBC94005F8F48 /* AFError + extensions.swift in Sources */,
				64E21CE6294268DE00D009C5 /* HourlyForecastWeatherRowView.swift in Sources */,
				6477354E2947D0C500B9CE14 /* WeatherListModel.swift in Sources */,
				64CF8A592962EB4500FA6F11 /* LocalDataService.swift in Sources */,
				64806D00294F280000D85FFB /* Int + extensions.swift in Sources */,
				64F119A22946A62E00F277FB /* DescriptionDetailWeatherCollectionView.swift in Sources */,
				64E21CEE2942693700D009C5 /* DescriptionDetailWeatherItemView.swift in Sources */,
				64E21CE4294268C700D009C5 /* DetailWeatherHeaderView.swift in Sources */,
				64806CFB294F218200D85FFB /* DescriptionItemViewModel.swift in Sources */,
			);
			runOnlyForDeploymentPostprocessing = 0;
		};
/* End PBXSourcesBuildPhase section */

/* Begin XCBuildConfiguration section */
		64E21CD72941493C00D009C5 /* Debug */ = {
			isa = XCBuildConfiguration;
			buildSettings = {
				ALWAYS_SEARCH_USER_PATHS = NO;
				CLANG_ANALYZER_NONNULL = YES;
				CLANG_ANALYZER_NUMBER_OBJECT_CONVERSION = YES_AGGRESSIVE;
				CLANG_CXX_LANGUAGE_STANDARD = "gnu++20";
				CLANG_ENABLE_MODULES = YES;
				CLANG_ENABLE_OBJC_ARC = YES;
				CLANG_ENABLE_OBJC_WEAK = YES;
				CLANG_WARN_BLOCK_CAPTURE_AUTORELEASING = YES;
				CLANG_WARN_BOOL_CONVERSION = YES;
				CLANG_WARN_COMMA = YES;
				CLANG_WARN_CONSTANT_CONVERSION = YES;
				CLANG_WARN_DEPRECATED_OBJC_IMPLEMENTATIONS = YES;
				CLANG_WARN_DIRECT_OBJC_ISA_USAGE = YES_ERROR;
				CLANG_WARN_DOCUMENTATION_COMMENTS = YES;
				CLANG_WARN_EMPTY_BODY = YES;
				CLANG_WARN_ENUM_CONVERSION = YES;
				CLANG_WARN_INFINITE_RECURSION = YES;
				CLANG_WARN_INT_CONVERSION = YES;
				CLANG_WARN_NON_LITERAL_NULL_CONVERSION = YES;
				CLANG_WARN_OBJC_IMPLICIT_RETAIN_SELF = YES;
				CLANG_WARN_OBJC_LITERAL_CONVERSION = YES;
				CLANG_WARN_OBJC_ROOT_CLASS = YES_ERROR;
				CLANG_WARN_QUOTED_INCLUDE_IN_FRAMEWORK_HEADER = YES;
				CLANG_WARN_RANGE_LOOP_ANALYSIS = YES;
				CLANG_WARN_STRICT_PROTOTYPES = YES;
				CLANG_WARN_SUSPICIOUS_MOVE = YES;
				CLANG_WARN_UNGUARDED_AVAILABILITY = YES_AGGRESSIVE;
				CLANG_WARN_UNREACHABLE_CODE = YES;
				CLANG_WARN__DUPLICATE_METHOD_MATCH = YES;
				COPY_PHASE_STRIP = NO;
				DEBUG_INFORMATION_FORMAT = dwarf;
				ENABLE_STRICT_OBJC_MSGSEND = YES;
				ENABLE_TESTABILITY = YES;
				GCC_C_LANGUAGE_STANDARD = gnu11;
				GCC_DYNAMIC_NO_PIC = NO;
				GCC_NO_COMMON_BLOCKS = YES;
				GCC_OPTIMIZATION_LEVEL = 0;
				GCC_PREPROCESSOR_DEFINITIONS = (
					"DEBUG=1",
					"$(inherited)",
				);
				GCC_WARN_64_TO_32_BIT_CONVERSION = YES;
				GCC_WARN_ABOUT_RETURN_TYPE = YES_ERROR;
				GCC_WARN_UNDECLARED_SELECTOR = YES;
				GCC_WARN_UNINITIALIZED_AUTOS = YES_AGGRESSIVE;
				GCC_WARN_UNUSED_FUNCTION = YES;
				GCC_WARN_UNUSED_VARIABLE = YES;
				IPHONEOS_DEPLOYMENT_TARGET = 16.1;
				MTL_ENABLE_DEBUG_INFO = INCLUDE_SOURCE;
				MTL_FAST_MATH = YES;
				ONLY_ACTIVE_ARCH = YES;
				SDKROOT = iphoneos;
				SWIFT_ACTIVE_COMPILATION_CONDITIONS = DEBUG;
				SWIFT_OPTIMIZATION_LEVEL = "-Onone";
			};
			name = Debug;
		};
		64E21CD82941493C00D009C5 /* Release */ = {
			isa = XCBuildConfiguration;
			buildSettings = {
				ALWAYS_SEARCH_USER_PATHS = NO;
				CLANG_ANALYZER_NONNULL = YES;
				CLANG_ANALYZER_NUMBER_OBJECT_CONVERSION = YES_AGGRESSIVE;
				CLANG_CXX_LANGUAGE_STANDARD = "gnu++20";
				CLANG_ENABLE_MODULES = YES;
				CLANG_ENABLE_OBJC_ARC = YES;
				CLANG_ENABLE_OBJC_WEAK = YES;
				CLANG_WARN_BLOCK_CAPTURE_AUTORELEASING = YES;
				CLANG_WARN_BOOL_CONVERSION = YES;
				CLANG_WARN_COMMA = YES;
				CLANG_WARN_CONSTANT_CONVERSION = YES;
				CLANG_WARN_DEPRECATED_OBJC_IMPLEMENTATIONS = YES;
				CLANG_WARN_DIRECT_OBJC_ISA_USAGE = YES_ERROR;
				CLANG_WARN_DOCUMENTATION_COMMENTS = YES;
				CLANG_WARN_EMPTY_BODY = YES;
				CLANG_WARN_ENUM_CONVERSION = YES;
				CLANG_WARN_INFINITE_RECURSION = YES;
				CLANG_WARN_INT_CONVERSION = YES;
				CLANG_WARN_NON_LITERAL_NULL_CONVERSION = YES;
				CLANG_WARN_OBJC_IMPLICIT_RETAIN_SELF = YES;
				CLANG_WARN_OBJC_LITERAL_CONVERSION = YES;
				CLANG_WARN_OBJC_ROOT_CLASS = YES_ERROR;
				CLANG_WARN_QUOTED_INCLUDE_IN_FRAMEWORK_HEADER = YES;
				CLANG_WARN_RANGE_LOOP_ANALYSIS = YES;
				CLANG_WARN_STRICT_PROTOTYPES = YES;
				CLANG_WARN_SUSPICIOUS_MOVE = YES;
				CLANG_WARN_UNGUARDED_AVAILABILITY = YES_AGGRESSIVE;
				CLANG_WARN_UNREACHABLE_CODE = YES;
				CLANG_WARN__DUPLICATE_METHOD_MATCH = YES;
				COPY_PHASE_STRIP = NO;
				DEBUG_INFORMATION_FORMAT = "dwarf-with-dsym";
				ENABLE_NS_ASSERTIONS = NO;
				ENABLE_STRICT_OBJC_MSGSEND = YES;
				GCC_C_LANGUAGE_STANDARD = gnu11;
				GCC_NO_COMMON_BLOCKS = YES;
				GCC_WARN_64_TO_32_BIT_CONVERSION = YES;
				GCC_WARN_ABOUT_RETURN_TYPE = YES_ERROR;
				GCC_WARN_UNDECLARED_SELECTOR = YES;
				GCC_WARN_UNINITIALIZED_AUTOS = YES_AGGRESSIVE;
				GCC_WARN_UNUSED_FUNCTION = YES;
				GCC_WARN_UNUSED_VARIABLE = YES;
				IPHONEOS_DEPLOYMENT_TARGET = 16.1;
				MTL_ENABLE_DEBUG_INFO = NO;
				MTL_FAST_MATH = YES;
				SDKROOT = iphoneos;
				SWIFT_COMPILATION_MODE = wholemodule;
				SWIFT_OPTIMIZATION_LEVEL = "-O";
				VALIDATE_PRODUCT = YES;
			};
			name = Release;
		};
		64E21CDA2941493C00D009C5 /* Debug */ = {
			isa = XCBuildConfiguration;
			baseConfigurationReference = 02049FAB6EE169A2E780A95C /* Pods-Weather.debug.xcconfig */;
			buildSettings = {
				ASSETCATALOG_COMPILER_APPICON_NAME = AppIcon;
				ASSETCATALOG_COMPILER_GLOBAL_ACCENT_COLOR_NAME = AccentColor;
				CODE_SIGN_STYLE = Automatic;
				CURRENT_PROJECT_VERSION = 1;
				DEVELOPMENT_ASSET_PATHS = "\"Weather/Preview Content\"";
				DEVELOPMENT_TEAM = 5FC37NQ6S2;
				ENABLE_PREVIEWS = YES;
				GENERATE_INFOPLIST_FILE = YES;
				INFOPLIST_KEY_UIApplicationSceneManifest_Generation = YES;
				INFOPLIST_KEY_UIApplicationSupportsIndirectInputEvents = YES;
				INFOPLIST_KEY_UILaunchScreen_Generation = YES;
				INFOPLIST_KEY_UISupportedInterfaceOrientations_iPad = "UIInterfaceOrientationPortrait UIInterfaceOrientationPortraitUpsideDown UIInterfaceOrientationLandscapeLeft UIInterfaceOrientationLandscapeRight";
				INFOPLIST_KEY_UISupportedInterfaceOrientations_iPhone = "UIInterfaceOrientationPortrait UIInterfaceOrientationLandscapeLeft UIInterfaceOrientationLandscapeRight";
				LD_RUNPATH_SEARCH_PATHS = (
					"$(inherited)",
					"@executable_path/Frameworks",
				);
				MARKETING_VERSION = 1.0;
				PRODUCT_BUNDLE_IDENTIFIER = fladecx.Weather;
				PRODUCT_NAME = "$(TARGET_NAME)";
				SWIFT_EMIT_LOC_STRINGS = YES;
				SWIFT_VERSION = 5.0;
				TARGETED_DEVICE_FAMILY = "1,2";
			};
			name = Debug;
		};
		64E21CDB2941493C00D009C5 /* Release */ = {
			isa = XCBuildConfiguration;
			baseConfigurationReference = DEA6C5548A3BFB2C242D6F23 /* Pods-Weather.release.xcconfig */;
			buildSettings = {
				ASSETCATALOG_COMPILER_APPICON_NAME = AppIcon;
				ASSETCATALOG_COMPILER_GLOBAL_ACCENT_COLOR_NAME = AccentColor;
				CODE_SIGN_STYLE = Automatic;
				CURRENT_PROJECT_VERSION = 1;
				DEVELOPMENT_ASSET_PATHS = "\"Weather/Preview Content\"";
				DEVELOPMENT_TEAM = 5FC37NQ6S2;
				ENABLE_PREVIEWS = YES;
				GENERATE_INFOPLIST_FILE = YES;
				INFOPLIST_KEY_UIApplicationSceneManifest_Generation = YES;
				INFOPLIST_KEY_UIApplicationSupportsIndirectInputEvents = YES;
				INFOPLIST_KEY_UILaunchScreen_Generation = YES;
				INFOPLIST_KEY_UISupportedInterfaceOrientations_iPad = "UIInterfaceOrientationPortrait UIInterfaceOrientationPortraitUpsideDown UIInterfaceOrientationLandscapeLeft UIInterfaceOrientationLandscapeRight";
				INFOPLIST_KEY_UISupportedInterfaceOrientations_iPhone = "UIInterfaceOrientationPortrait UIInterfaceOrientationLandscapeLeft UIInterfaceOrientationLandscapeRight";
				LD_RUNPATH_SEARCH_PATHS = (
					"$(inherited)",
					"@executable_path/Frameworks",
				);
				MARKETING_VERSION = 1.0;
				PRODUCT_BUNDLE_IDENTIFIER = fladecx.Weather;
				PRODUCT_NAME = "$(TARGET_NAME)";
				SWIFT_EMIT_LOC_STRINGS = YES;
				SWIFT_VERSION = 5.0;
				TARGETED_DEVICE_FAMILY = "1,2";
			};
			name = Release;
		};
/* End XCBuildConfiguration section */

/* Begin XCConfigurationList section */
		64E21CC62941493B00D009C5 /* Build configuration list for PBXProject "Weather" */ = {
			isa = XCConfigurationList;
			buildConfigurations = (
				64E21CD72941493C00D009C5 /* Debug */,
				64E21CD82941493C00D009C5 /* Release */,
			);
			defaultConfigurationIsVisible = 0;
			defaultConfigurationName = Release;
		};
		64E21CD92941493C00D009C5 /* Build configuration list for PBXNativeTarget "Weather" */ = {
			isa = XCConfigurationList;
			buildConfigurations = (
				64E21CDA2941493C00D009C5 /* Debug */,
				64E21CDB2941493C00D009C5 /* Release */,
			);
			defaultConfigurationIsVisible = 0;
			defaultConfigurationName = Release;
		};
/* End XCConfigurationList section */
	};
	rootObject = 64E21CC32941493B00D009C5 /* Project object */;
}
